// !$*UTF8*$!
{
	archiveVersion = 1;
	classes = {
	};
	objectVersion = 46;
	objects = {

/* Begin PBXBuildFile section */
		6C7DA3671EE6E2E800CB590B /* README.md in Sources */ = {isa = PBXBuildFile; fileRef = 6C7DA3661EE6E2E800CB590B /* README.md */; };
		6C7DA3691EE8192700CB590B /* DESIGN.md in Sources */ = {isa = PBXBuildFile; fileRef = 6C7DA3681EE8192700CB590B /* DESIGN.md */; };
		6C7DA36B1EE81C1800CB590B /* LogInViewController.swift in Sources */ = {isa = PBXBuildFile; fileRef = 6C7DA36A1EE81C1800CB590B /* LogInViewController.swift */; };
		6C7DA36D1EE82F4D00CB590B /* RegisterViewController.swift in Sources */ = {isa = PBXBuildFile; fileRef = 6C7DA36C1EE82F4D00CB590B /* RegisterViewController.swift */; };
		6C7DA36F1EE82F6A00CB590B /* MyProfileViewController.swift in Sources */ = {isa = PBXBuildFile; fileRef = 6C7DA36E1EE82F6A00CB590B /* MyProfileViewController.swift */; };
		6C7DA3711EE82F7E00CB590B /* UserProfileViewController.swift in Sources */ = {isa = PBXBuildFile; fileRef = 6C7DA3701EE82F7E00CB590B /* UserProfileViewController.swift */; };
		6C7DA37B1EE831D400CB590B /* PROCESS.md in Sources */ = {isa = PBXBuildFile; fileRef = 6C7DA37A1EE831D400CB590B /* PROCESS.md */; };
		6C7DA37D1EE948A700CB590B /* GoogleService-Info.plist in Resources */ = {isa = PBXBuildFile; fileRef = 6C7DA37C1EE948A700CB590B /* GoogleService-Info.plist */; };
		6CE2D09F1EE47B3600583B5C /* AppDelegate.swift in Sources */ = {isa = PBXBuildFile; fileRef = 6CE2D09E1EE47B3600583B5C /* AppDelegate.swift */; };
		6CE2D0A41EE47B3600583B5C /* Main.storyboard in Resources */ = {isa = PBXBuildFile; fileRef = 6CE2D0A21EE47B3600583B5C /* Main.storyboard */; };
		6CE2D0A61EE47B3600583B5C /* Assets.xcassets in Resources */ = {isa = PBXBuildFile; fileRef = 6CE2D0A51EE47B3600583B5C /* Assets.xcassets */; };
		6CE2D0A91EE47B3600583B5C /* LaunchScreen.storyboard in Resources */ = {isa = PBXBuildFile; fileRef = 6CE2D0A71EE47B3600583B5C /* LaunchScreen.storyboard */; };
		6CFA364A1EE96C8F0026F827 /* FindDiversViewController.swift in Sources */ = {isa = PBXBuildFile; fileRef = 6CFA36491EE96C8F0026F827 /* FindDiversViewController.swift */; };
		6CFA364C1EE971540026F827 /* HomeViewController.swift in Sources */ = {isa = PBXBuildFile; fileRef = 6CFA364B1EE971540026F827 /* HomeViewController.swift */; };
		6CFA364E1EEA847D0026F827 /* screenshot2.png in Resources */ = {isa = PBXBuildFile; fileRef = 6CFA364D1EEA847D0026F827 /* screenshot2.png */; };
		DCE246C0B002538B07CBE6E4 /* Pods_YamievanWijnbergen_Programmeerproject.framework in Frameworks */ = {isa = PBXBuildFile; fileRef = 4FE80ED874EFA3BD37F58541 /* Pods_YamievanWijnbergen_Programmeerproject.framework */; };
/* End PBXBuildFile section */

/* Begin PBXFileReference section */
		4FE80ED874EFA3BD37F58541 /* Pods_YamievanWijnbergen_Programmeerproject.framework */ = {isa = PBXFileReference; explicitFileType = wrapper.framework; includeInIndex = 0; path = Pods_YamievanWijnbergen_Programmeerproject.framework; sourceTree = BUILT_PRODUCTS_DIR; };
		630999726415804583945ED7 /* Pods-YamievanWijnbergen-Programmeerproject.release.xcconfig */ = {isa = PBXFileReference; includeInIndex = 1; lastKnownFileType = text.xcconfig; name = "Pods-YamievanWijnbergen-Programmeerproject.release.xcconfig"; path = "Pods/Target Support Files/Pods-YamievanWijnbergen-Programmeerproject/Pods-YamievanWijnbergen-Programmeerproject.release.xcconfig"; sourceTree = "<group>"; };
		6C7DA3661EE6E2E800CB590B /* README.md */ = {isa = PBXFileReference; fileEncoding = 4; lastKnownFileType = net.daringfireball.markdown; path = README.md; sourceTree = SOURCE_ROOT; };
		6C7DA3681EE8192700CB590B /* DESIGN.md */ = {isa = PBXFileReference; fileEncoding = 4; lastKnownFileType = net.daringfireball.markdown; path = DESIGN.md; sourceTree = "<group>"; };
		6C7DA36A1EE81C1800CB590B /* LogInViewController.swift */ = {isa = PBXFileReference; fileEncoding = 4; lastKnownFileType = sourcecode.swift; path = LogInViewController.swift; sourceTree = "<group>"; };
		6C7DA36C1EE82F4D00CB590B /* RegisterViewController.swift */ = {isa = PBXFileReference; fileEncoding = 4; lastKnownFileType = sourcecode.swift; path = RegisterViewController.swift; sourceTree = "<group>"; };
		6C7DA36E1EE82F6A00CB590B /* MyProfileViewController.swift */ = {isa = PBXFileReference; fileEncoding = 4; lastKnownFileType = sourcecode.swift; path = MyProfileViewController.swift; sourceTree = "<group>"; };
		6C7DA3701EE82F7E00CB590B /* UserProfileViewController.swift */ = {isa = PBXFileReference; fileEncoding = 4; lastKnownFileType = sourcecode.swift; path = UserProfileViewController.swift; sourceTree = "<group>"; };
		6C7DA37A1EE831D400CB590B /* PROCESS.md */ = {isa = PBXFileReference; fileEncoding = 4; lastKnownFileType = net.daringfireball.markdown; path = PROCESS.md; sourceTree = "<group>"; };
		6C7DA37C1EE948A700CB590B /* GoogleService-Info.plist */ = {isa = PBXFileReference; fileEncoding = 4; lastKnownFileType = text.plist.xml; path = "GoogleService-Info.plist"; sourceTree = "<group>"; };
		6CE2D09B1EE47B3600583B5C /* YamievanWijnbergen-Programmeerproject.app */ = {isa = PBXFileReference; explicitFileType = wrapper.application; includeInIndex = 0; path = "YamievanWijnbergen-Programmeerproject.app"; sourceTree = BUILT_PRODUCTS_DIR; };
		6CE2D09E1EE47B3600583B5C /* AppDelegate.swift */ = {isa = PBXFileReference; lastKnownFileType = sourcecode.swift; path = AppDelegate.swift; sourceTree = "<group>"; };
		6CE2D0A31EE47B3600583B5C /* Base */ = {isa = PBXFileReference; lastKnownFileType = file.storyboard; name = Base; path = Base.lproj/Main.storyboard; sourceTree = "<group>"; };
		6CE2D0A51EE47B3600583B5C /* Assets.xcassets */ = {isa = PBXFileReference; lastKnownFileType = folder.assetcatalog; path = Assets.xcassets; sourceTree = "<group>"; };
		6CE2D0A81EE47B3600583B5C /* Base */ = {isa = PBXFileReference; lastKnownFileType = file.storyboard; name = Base; path = Base.lproj/LaunchScreen.storyboard; sourceTree = "<group>"; };
		6CE2D0AA1EE47B3600583B5C /* Info.plist */ = {isa = PBXFileReference; lastKnownFileType = text.plist.xml; path = Info.plist; sourceTree = "<group>"; };
		6CFA36451EE94E0D0026F827 /* YamievanWijnbergen-Programmeerproject.entitlements */ = {isa = PBXFileReference; lastKnownFileType = text.plist.entitlements; path = "YamievanWijnbergen-Programmeerproject.entitlements"; sourceTree = "<group>"; };
		6CFA36491EE96C8F0026F827 /* FindDiversViewController.swift */ = {isa = PBXFileReference; fileEncoding = 4; lastKnownFileType = sourcecode.swift; path = FindDiversViewController.swift; sourceTree = "<group>"; };
		6CFA364B1EE971540026F827 /* HomeViewController.swift */ = {isa = PBXFileReference; fileEncoding = 4; lastKnownFileType = sourcecode.swift; path = HomeViewController.swift; sourceTree = "<group>"; };
		6CFA364D1EEA847D0026F827 /* screenshot2.png */ = {isa = PBXFileReference; lastKnownFileType = image.png; path = screenshot2.png; sourceTree = "<group>"; };
		FCFE8A0E8F731F38A1675798 /* Pods-YamievanWijnbergen-Programmeerproject.debug.xcconfig */ = {isa = PBXFileReference; includeInIndex = 1; lastKnownFileType = text.xcconfig; name = "Pods-YamievanWijnbergen-Programmeerproject.debug.xcconfig"; path = "Pods/Target Support Files/Pods-YamievanWijnbergen-Programmeerproject/Pods-YamievanWijnbergen-Programmeerproject.debug.xcconfig"; sourceTree = "<group>"; };
/* End PBXFileReference section */

/* Begin PBXFrameworksBuildPhase section */
		6CE2D0981EE47B3600583B5C /* Frameworks */ = {
			isa = PBXFrameworksBuildPhase;
			buildActionMask = 2147483647;
			files = (
				DCE246C0B002538B07CBE6E4 /* Pods_YamievanWijnbergen_Programmeerproject.framework in Frameworks */,
			);
			runOnlyForDeploymentPostprocessing = 0;
		};
/* End PBXFrameworksBuildPhase section */

/* Begin PBXGroup section */
		6CE2D0921EE47B3600583B5C = {
			isa = PBXGroup;
			children = (
				6C7DA37A1EE831D400CB590B /* PROCESS.md */,
				6C7DA3681EE8192700CB590B /* DESIGN.md */,
				6C7DA3661EE6E2E800CB590B /* README.md */,
				6CFA364D1EEA847D0026F827 /* screenshot2.png */,
				6CE2D09D1EE47B3600583B5C /* YamievanWijnbergen-Programmeerproject */,
				6CE2D09C1EE47B3600583B5C /* Products */,
				F9391047A6036FFCB960E677 /* Pods */,
				AD165283DC2C7FF5D35C6FF2 /* Frameworks */,
			);
			sourceTree = "<group>";
		};
		6CE2D09C1EE47B3600583B5C /* Products */ = {
			isa = PBXGroup;
			children = (
				6CE2D09B1EE47B3600583B5C /* YamievanWijnbergen-Programmeerproject.app */,
			);
			name = Products;
			sourceTree = "<group>";
		};
		6CE2D09D1EE47B3600583B5C /* YamievanWijnbergen-Programmeerproject */ = {
			isa = PBXGroup;
			children = (
				6CFA36451EE94E0D0026F827 /* YamievanWijnbergen-Programmeerproject.entitlements */,
				6CE2D0A21EE47B3600583B5C /* Main.storyboard */,
				6CFA36461EE9664F0026F827 /* ViewControllers */,
				6CE2D0A51EE47B3600583B5C /* Assets.xcassets */,
				6CE2D0A71EE47B3600583B5C /* LaunchScreen.storyboard */,
				6CE2D0AA1EE47B3600583B5C /* Info.plist */,
				6C7DA37C1EE948A700CB590B /* GoogleService-Info.plist */,
			);
			path = "YamievanWijnbergen-Programmeerproject";
			sourceTree = "<group>";
		};
		6CFA36461EE9664F0026F827 /* ViewControllers */ = {
			isa = PBXGroup;
			children = (
				6CE2D09E1EE47B3600583B5C /* AppDelegate.swift */,
				6CFA364B1EE971540026F827 /* HomeViewController.swift */,
				6C7DA36A1EE81C1800CB590B /* LogInViewController.swift */,
				6C7DA36C1EE82F4D00CB590B /* RegisterViewController.swift */,
				6CFA36491EE96C8F0026F827 /* FindDiversViewController.swift */,
				6C7DA36E1EE82F6A00CB590B /* MyProfileViewController.swift */,
				6C7DA3701EE82F7E00CB590B /* UserProfileViewController.swift */,
			);
			name = ViewControllers;
			sourceTree = "<group>";
		};
		AD165283DC2C7FF5D35C6FF2 /* Frameworks */ = {
			isa = PBXGroup;
			children = (
				4FE80ED874EFA3BD37F58541 /* Pods_YamievanWijnbergen_Programmeerproject.framework */,
			);
			name = Frameworks;
			sourceTree = "<group>";
		};
		F9391047A6036FFCB960E677 /* Pods */ = {
			isa = PBXGroup;
			children = (
				FCFE8A0E8F731F38A1675798 /* Pods-YamievanWijnbergen-Programmeerproject.debug.xcconfig */,
				630999726415804583945ED7 /* Pods-YamievanWijnbergen-Programmeerproject.release.xcconfig */,
			);
			name = Pods;
			sourceTree = "<group>";
		};
/* End PBXGroup section */

/* Begin PBXNativeTarget section */
		6CE2D09A1EE47B3600583B5C /* YamievanWijnbergen-Programmeerproject */ = {
			isa = PBXNativeTarget;
			buildConfigurationList = 6CE2D0AD1EE47B3600583B5C /* Build configuration list for PBXNativeTarget "YamievanWijnbergen-Programmeerproject" */;
			buildPhases = (
				4C7EAA71F5919393DCEB0FAB /* [CP] Check Pods Manifest.lock */,
				6CE2D0971EE47B3600583B5C /* Sources */,
				6CE2D0981EE47B3600583B5C /* Frameworks */,
				6CE2D0991EE47B3600583B5C /* Resources */,
				0BF675CF1337AEC68E3A32C2 /* [CP] Embed Pods Frameworks */,
				E15C412C73F3DBA878CDDB67 /* [CP] Copy Pods Resources */,
			);
			buildRules = (
			);
			dependencies = (
			);
			name = "YamievanWijnbergen-Programmeerproject";
			productName = "YamievanWijnbergen-Programmeerproject";
			productReference = 6CE2D09B1EE47B3600583B5C /* YamievanWijnbergen-Programmeerproject.app */;
			productType = "com.apple.product-type.application";
		};
/* End PBXNativeTarget section */

/* Begin PBXProject section */
		6CE2D0931EE47B3600583B5C /* Project object */ = {
			isa = PBXProject;
			attributes = {
				LastSwiftUpdateCheck = 0830;
				LastUpgradeCheck = 0830;
				ORGANIZATIONNAME = "Yamie van Wijnbergen";
				TargetAttributes = {
					6CE2D09A1EE47B3600583B5C = {
						CreatedOnToolsVersion = 8.3.2;
						DevelopmentTeam = QSD9HXK8ZS;
						ProvisioningStyle = Automatic;
						SystemCapabilities = {
							com.apple.Keychain = {
								enabled = 1;
							};
						};
					};
				};
			};
			buildConfigurationList = 6CE2D0961EE47B3600583B5C /* Build configuration list for PBXProject "YamievanWijnbergen-Programmeerproject" */;
			compatibilityVersion = "Xcode 3.2";
			developmentRegion = English;
			hasScannedForEncodings = 0;
			knownRegions = (
				en,
				Base,
			);
			mainGroup = 6CE2D0921EE47B3600583B5C;
			productRefGroup = 6CE2D09C1EE47B3600583B5C /* Products */;
			projectDirPath = "";
			projectRoot = "";
			targets = (
				6CE2D09A1EE47B3600583B5C /* YamievanWijnbergen-Programmeerproject */,
			);
		};
/* End PBXProject section */

/* Begin PBXResourcesBuildPhase section */
		6CE2D0991EE47B3600583B5C /* Resources */ = {
			isa = PBXResourcesBuildPhase;
			buildActionMask = 2147483647;
			files = (
				6CE2D0A91EE47B3600583B5C /* LaunchScreen.storyboard in Resources */,
				6C7DA37D1EE948A700CB590B /* GoogleService-Info.plist in Resources */,
				6CE2D0A61EE47B3600583B5C /* Assets.xcassets in Resources */,
				6CFA364E1EEA847D0026F827 /* screenshot2.png in Resources */,
				6CE2D0A41EE47B3600583B5C /* Main.storyboard in Resources */,
			);
			runOnlyForDeploymentPostprocessing = 0;
		};
/* End PBXResourcesBuildPhase section */

/* Begin PBXShellScriptBuildPhase section */
		0BF675CF1337AEC68E3A32C2 /* [CP] Embed Pods Frameworks */ = {
			isa = PBXShellScriptBuildPhase;
			buildActionMask = 2147483647;
			files = (
			);
			inputPaths = (
			);
			name = "[CP] Embed Pods Frameworks";
			outputPaths = (
			);
			runOnlyForDeploymentPostprocessing = 0;
			shellPath = /bin/sh;
			shellScript = "\"${SRCROOT}/Pods/Target Support Files/Pods-YamievanWijnbergen-Programmeerproject/Pods-YamievanWijnbergen-Programmeerproject-frameworks.sh\"\n";
			showEnvVarsInLog = 0;
		};
		4C7EAA71F5919393DCEB0FAB /* [CP] Check Pods Manifest.lock */ = {
			isa = PBXShellScriptBuildPhase;
			buildActionMask = 2147483647;
			files = (
			);
			inputPaths = (
			);
			name = "[CP] Check Pods Manifest.lock";
			outputPaths = (
			);
			runOnlyForDeploymentPostprocessing = 0;
			shellPath = /bin/sh;
			shellScript = "diff \"${PODS_PODFILE_DIR_PATH}/Podfile.lock\" \"${PODS_ROOT}/Manifest.lock\" > /dev/null\nif [ $? != 0 ] ; then\n    # print error to STDERR\n    echo \"error: The sandbox is not in sync with the Podfile.lock. Run 'pod install' or update your CocoaPods installation.\" >&2\n    exit 1\nfi\n";
			showEnvVarsInLog = 0;
		};
		E15C412C73F3DBA878CDDB67 /* [CP] Copy Pods Resources */ = {
			isa = PBXShellScriptBuildPhase;
			buildActionMask = 2147483647;
			files = (
			);
			inputPaths = (
			);
			name = "[CP] Copy Pods Resources";
			outputPaths = (
			);
			runOnlyForDeploymentPostprocessing = 0;
			shellPath = /bin/sh;
			shellScript = "\"${SRCROOT}/Pods/Target Support Files/Pods-YamievanWijnbergen-Programmeerproject/Pods-YamievanWijnbergen-Programmeerproject-resources.sh\"\n";
			showEnvVarsInLog = 0;
		};
/* End PBXShellScriptBuildPhase section */

/* Begin PBXSourcesBuildPhase section */
		6CE2D0971EE47B3600583B5C /* Sources */ = {
			isa = PBXSourcesBuildPhase;
			buildActionMask = 2147483647;
			files = (
				6C7DA36F1EE82F6A00CB590B /* MyProfileViewController.swift in Sources */,
				6CFA364A1EE96C8F0026F827 /* FindDiversViewController.swift in Sources */,
				6C7DA3671EE6E2E800CB590B /* README.md in Sources */,
				6C7DA3711EE82F7E00CB590B /* UserProfileViewController.swift in Sources */,
				6C7DA36D1EE82F4D00CB590B /* RegisterViewController.swift in Sources */,
				6CFA364C1EE971540026F827 /* HomeViewController.swift in Sources */,
				6C7DA3691EE8192700CB590B /* DESIGN.md in Sources */,
				6C7DA37B1EE831D400CB590B /* PROCESS.md in Sources */,
				6C7DA36B1EE81C1800CB590B /* LogInViewController.swift in Sources */,
				6CE2D09F1EE47B3600583B5C /* AppDelegate.swift in Sources */,
			);
			runOnlyForDeploymentPostprocessing = 0;
		};
/* End PBXSourcesBuildPhase section */

/* Begin PBXVariantGroup section */
		6CE2D0A21EE47B3600583B5C /* Main.storyboard */ = {
			isa = PBXVariantGroup;
			children = (
				6CE2D0A31EE47B3600583B5C /* Base */,
			);
			name = Main.storyboard;
			sourceTree = "<group>";
		};
		6CE2D0A71EE47B3600583B5C /* LaunchScreen.storyboard */ = {
			isa = PBXVariantGroup;
			children = (
				6CE2D0A81EE47B3600583B5C /* Base */,
			);
			name = LaunchScreen.storyboard;
			sourceTree = "<group>";
		};
/* End PBXVariantGroup section */

/* Begin XCBuildConfiguration section */
		6CE2D0AB1EE47B3600583B5C /* Debug */ = {
			isa = XCBuildConfiguration;
			buildSettings = {
				ALWAYS_SEARCH_USER_PATHS = NO;
				CLANG_ANALYZER_NONNULL = YES;
				CLANG_ANALYZER_NUMBER_OBJECT_CONVERSION = YES_AGGRESSIVE;
				CLANG_CXX_LANGUAGE_STANDARD = "gnu++0x";
				CLANG_CXX_LIBRARY = "libc++";
				CLANG_ENABLE_MODULES = YES;
				CLANG_ENABLE_OBJC_ARC = YES;
				CLANG_WARN_BOOL_CONVERSION = YES;
				CLANG_WARN_CONSTANT_CONVERSION = YES;
				CLANG_WARN_DIRECT_OBJC_ISA_USAGE = YES_ERROR;
				CLANG_WARN_DOCUMENTATION_COMMENTS = YES;
				CLANG_WARN_EMPTY_BODY = YES;
				CLANG_WARN_ENUM_CONVERSION = YES;
				CLANG_WARN_INFINITE_RECURSION = YES;
				CLANG_WARN_INT_CONVERSION = YES;
				CLANG_WARN_OBJC_ROOT_CLASS = YES_ERROR;
				CLANG_WARN_SUSPICIOUS_MOVE = YES;
				CLANG_WARN_UNREACHABLE_CODE = YES;
				CLANG_WARN__DUPLICATE_METHOD_MATCH = YES;
				"CODE_SIGN_IDENTITY[sdk=iphoneos*]" = "iPhone Developer";
				COPY_PHASE_STRIP = NO;
				DEBUG_INFORMATION_FORMAT = dwarf;
				ENABLE_STRICT_OBJC_MSGSEND = YES;
				ENABLE_TESTABILITY = YES;
				GCC_C_LANGUAGE_STANDARD = gnu99;
				GCC_DYNAMIC_NO_PIC = NO;
				GCC_NO_COMMON_BLOCKS = YES;
				GCC_OPTIMIZATION_LEVEL = 0;
				GCC_PREPROCESSOR_DEFINITIONS = (
					"DEBUG=1",
					"$(inherited)",
				);
				GCC_WARN_64_TO_32_BIT_CONVERSION = YES;
				GCC_WARN_ABOUT_RETURN_TYPE = YES_ERROR;
				GCC_WARN_UNDECLARED_SELECTOR = YES;
				GCC_WARN_UNINITIALIZED_AUTOS = YES_AGGRESSIVE;
				GCC_WARN_UNUSED_FUNCTION = YES;
				GCC_WARN_UNUSED_VARIABLE = YES;
				IPHONEOS_DEPLOYMENT_TARGET = 10.3;
				MTL_ENABLE_DEBUG_INFO = YES;
				ONLY_ACTIVE_ARCH = YES;
				SDKROOT = iphoneos;
				SWIFT_ACTIVE_COMPILATION_CONDITIONS = DEBUG;
				SWIFT_OPTIMIZATION_LEVEL = "-Onone";
				TARGETED_DEVICE_FAMILY = "1,2";
			};
			name = Debug;
		};
		6CE2D0AC1EE47B3600583B5C /* Release */ = {
			isa = XCBuildConfiguration;
			buildSettings = {
				ALWAYS_SEARCH_USER_PATHS = NO;
				CLANG_ANALYZER_NONNULL = YES;
				CLANG_ANALYZER_NUMBER_OBJECT_CONVERSION = YES_AGGRESSIVE;
				CLANG_CXX_LANGUAGE_STANDARD = "gnu++0x";
				CLANG_CXX_LIBRARY = "libc++";
				CLANG_ENABLE_MODULES = YES;
				CLANG_ENABLE_OBJC_ARC = YES;
				CLANG_WARN_BOOL_CONVERSION = YES;
				CLANG_WARN_CONSTANT_CONVERSION = YES;
				CLANG_WARN_DIRECT_OBJC_ISA_USAGE = YES_ERROR;
				CLANG_WARN_DOCUMENTATION_COMMENTS = YES;
				CLANG_WARN_EMPTY_BODY = YES;
				CLANG_WARN_ENUM_CONVERSION = YES;
				CLANG_WARN_INFINITE_RECURSION = YES;
				CLANG_WARN_INT_CONVERSION = YES;
				CLANG_WARN_OBJC_ROOT_CLASS = YES_ERROR;
				CLANG_WARN_SUSPICIOUS_MOVE = YES;
				CLANG_WARN_UNREACHABLE_CODE = YES;
				CLANG_WARN__DUPLICATE_METHOD_MATCH = YES;
				"CODE_SIGN_IDENTITY[sdk=iphoneos*]" = "iPhone Developer";
				COPY_PHASE_STRIP = NO;
				DEBUG_INFORMATION_FORMAT = "dwarf-with-dsym";
				ENABLE_NS_ASSERTIONS = NO;
				ENABLE_STRICT_OBJC_MSGSEND = YES;
				GCC_C_LANGUAGE_STANDARD = gnu99;
				GCC_NO_COMMON_BLOCKS = YES;
				GCC_WARN_64_TO_32_BIT_CONVERSION = YES;
				GCC_WARN_ABOUT_RETURN_TYPE = YES_ERROR;
				GCC_WARN_UNDECLARED_SELECTOR = YES;
				GCC_WARN_UNINITIALIZED_AUTOS = YES_AGGRESSIVE;
				GCC_WARN_UNUSED_FUNCTION = YES;
				GCC_WARN_UNUSED_VARIABLE = YES;
				IPHONEOS_DEPLOYMENT_TARGET = 10.3;
				MTL_ENABLE_DEBUG_INFO = NO;
				SDKROOT = iphoneos;
				SWIFT_OPTIMIZATION_LEVEL = "-Owholemodule";
				TARGETED_DEVICE_FAMILY = "1,2";
				VALIDATE_PRODUCT = YES;
			};
			name = Release;
		};
		6CE2D0AE1EE47B3600583B5C /* Debug */ = {
			isa = XCBuildConfiguration;
			baseConfigurationReference = FCFE8A0E8F731F38A1675798 /* Pods-YamievanWijnbergen-Programmeerproject.debug.xcconfig */;
			buildSettings = {
				ASSETCATALOG_COMPILER_APPICON_NAME = AppIcon;
				CODE_SIGN_ENTITLEMENTS = "YamievanWijnbergen-Programmeerproject/YamievanWijnbergen-Programmeerproject.entitlements";
				DEVELOPMENT_TEAM = QSD9HXK8ZS;
				INFOPLIST_FILE = "YamievanWijnbergen-Programmeerproject/Info.plist";
				LD_RUNPATH_SEARCH_PATHS = "$(inherited) @executable_path/Frameworks";
				PRODUCT_BUNDLE_IDENTIFIER = "nl.mprog.YamievanWijnbergen-Programmeerproject";
				PRODUCT_NAME = "$(TARGET_NAME)";
				SWIFT_VERSION = 3.0;
			};
			name = Debug;
		};
		6CE2D0AF1EE47B3600583B5C /* Release */ = {
			isa = XCBuildConfiguration;
			baseConfigurationReference = 630999726415804583945ED7 /* Pods-YamievanWijnbergen-Programmeerproject.release.xcconfig */;
			buildSettings = {
				ASSETCATALOG_COMPILER_APPICON_NAME = AppIcon;
				CODE_SIGN_ENTITLEMENTS = "YamievanWijnbergen-Programmeerproject/YamievanWijnbergen-Programmeerproject.entitlements";
				DEVELOPMENT_TEAM = QSD9HXK8ZS;
				INFOPLIST_FILE = "YamievanWijnbergen-Programmeerproject/Info.plist";
				LD_RUNPATH_SEARCH_PATHS = "$(inherited) @executable_path/Frameworks";
				PRODUCT_BUNDLE_IDENTIFIER = "nl.mprog.YamievanWijnbergen-Programmeerproject";
				PRODUCT_NAME = "$(TARGET_NAME)";
				SWIFT_VERSION = 3.0;
			};
			name = Release;
		};
/* End XCBuildConfiguration section */

/* Begin XCConfigurationList section */
		6CE2D0961EE47B3600583B5C /* Build configuration list for PBXProject "YamievanWijnbergen-Programmeerproject" */ = {
			isa = XCConfigurationList;
			buildConfigurations = (
				6CE2D0AB1EE47B3600583B5C /* Debug */,
				6CE2D0AC1EE47B3600583B5C /* Release */,
			);
			defaultConfigurationIsVisible = 0;
			defaultConfigurationName = Release;
		};
		6CE2D0AD1EE47B3600583B5C /* Build configuration list for PBXNativeTarget "YamievanWijnbergen-Programmeerproject" */ = {
			isa = XCConfigurationList;
			buildConfigurations = (
				6CE2D0AE1EE47B3600583B5C /* Debug */,
				6CE2D0AF1EE47B3600583B5C /* Release */,
			);
			defaultConfigurationIsVisible = 0;
			defaultConfigurationName = Release;
		};
/* End XCConfigurationList section */
	};
	rootObject = 6CE2D0931EE47B3600583B5C /* Project object */;
}
